
Microsoft Visual Studio Solution File, Format Version 12.00
# Visual Studio 15
Project("{FAE04EC0-301F-11D3-BF4B-00C04F79EFBC}") = "Assembly-CSharp", "Assembly-CSharp.csproj", "{0502E469-1766-24CD-18CF-AA520543FA66}"
EndProject
Global
	GlobalSection(SolutionConfigurationPlatforms) = preSolution
		Debug|Any CPU = Debug|Any CPU
		Release|Any CPU = Release|Any CPU
	EndGlobalSection
	GlobalSection(ProjectConfigurationPlatforms) = postSolution
		{0502E469-1766-24CD-18CF-AA520543FA66}.Debug|Any CPU.ActiveCfg = Debug|Any CPU
		{0502E469-1766-24CD-18CF-AA520543FA66}.Debug|Any CPU.Build.0 = Debug|Any CPU
		{0502E469-1766-24CD-18CF-AA520543FA66}.Release|Any CPU.ActiveCfg = Release|Any CPU
		{0502E469-1766-24CD-18CF-AA520543FA66}.Release|Any CPU.Build.0 = Release|Any CPU
	EndGlobalSection
	GlobalSection(SolutionProperties) = preSolution
		HideSolutionNode = FALSE
	EndGlobalSection
EndGlobal
